
Microsoft Visual Studio Solution File, Format Version 12.00
# Visual Studio Version 16
VisualStudioVersion = 16.0.31205.134
MinimumVisualStudioVersion = 10.0.40219.1
Project("{9A19103F-16F7-4668-BE54-9A1E7A4F7556}") = "IntegrationTest", "IntegrationTest\IntegrationTest.csproj", "{894569E2-13E7-4532-840E-B50380002691}"
EndProject
Project("{9A19103F-16F7-4668-BE54-9A1E7A4F7556}") = "IntegrationTest.Domain", "IntegrationTest.Domain\IntegrationTest.Domain.csproj", "{2FC78A6B-64B8-4CBA-A22C-38E18B9D1DB7}"
EndProject
Project("{9A19103F-16F7-4668-BE54-9A1E7A4F7556}") = "IntegrationTest.DomainTest", "IntegrationTest.DomainTest\IntegrationTest.DomainTest.csproj", "{757F868D-C422-44A4-A799-0428B8711CBE}"
EndProject
Project("{9A19103F-16F7-4668-BE54-9A1E7A4F7556}") = "IntegrationTest.Infra", "IntegrationTest.Infra\IntegrationTest.Infra.csproj", "{8117E879-2D9E-4AE9-B374-237FF2D6CDDF}"
EndProject
Project("{2150E333-8FDC-42A3-9474-1A3956D46DE8}") = "Solution Items", "Solution Items", "{2B39376C-349A-42B2-AEF1-48436AD22E5D}"
	ProjectSection(SolutionItems) = preProject
		.gitattributes = .gitattributes
		.gitignore = .gitignore
		README.md = README.md
	EndProjectSection
EndProject
Project("{9A19103F-16F7-4668-BE54-9A1E7A4F7556}") = "IntegrationTest.Core", "IntegrationTest.Core\IntegrationTest.Core.csproj", "{DC3B2BEF-EA6F-4DE4-A359-1C0F22BDAE49}"
EndProject
Project("{9A19103F-16F7-4668-BE54-9A1E7A4F7556}") = "IntegrationTest.BackgroundManager", "IntegrationTest.BackgroundManager\IntegrationTest.BackgroundManager.csproj", "{538FD22D-179A-4F44-97E3-6CDAD1C93A62}"
EndProject
Project("{2150E333-8FDC-42A3-9474-1A3956D46DE8}") = "CrossCutting", "CrossCutting", "{0F846810-6A36-48E5-B5F9-7972FFB1D554}"
EndProject
Project("{2150E333-8FDC-42A3-9474-1A3956D46DE8}") = "Core", "Core", "{14E40248-1903-48E3-A0FA-E2DAD67E901D}"
EndProject
Project("{2150E333-8FDC-42A3-9474-1A3956D46DE8}") = "Domain", "Domain", "{7F7FB6F4-EAFF-4E3B-9FBD-CED32528AB7B}"
EndProject
Project("{2150E333-8FDC-42A3-9474-1A3956D46DE8}") = "Infra", "Infra", "{7D0AF83F-12A1-4EA9-9CFA-22BE82100FB6}"
EndProject
Project("{9A19103F-16F7-4668-BE54-9A1E7A4F7556}") = "IntegrationTest.Bus", "IntegrationTest.Bus\IntegrationTest.Bus.csproj", "{99052A8A-A4EC-4008-B275-6C100F3A4887}"
EndProject
Project("{E53339B2-1760-4266-BCC7-CA923CBCF16C}") = "docker-compose", "docker-compose.dcproj", "{BCD02F93-9A2A-446F-8E13-09874B908A9C}"
EndProject
Global
	GlobalSection(SolutionConfigurationPlatforms) = preSolution
		Debug|Any CPU = Debug|Any CPU
		Release|Any CPU = Release|Any CPU
	EndGlobalSection
	GlobalSection(ProjectConfigurationPlatforms) = postSolution
		{894569E2-13E7-4532-840E-B50380002691}.Debug|Any CPU.ActiveCfg = Debug|Any CPU
		{894569E2-13E7-4532-840E-B50380002691}.Debug|Any CPU.Build.0 = Debug|Any CPU
		{894569E2-13E7-4532-840E-B50380002691}.Release|Any CPU.ActiveCfg = Release|Any CPU
		{894569E2-13E7-4532-840E-B50380002691}.Release|Any CPU.Build.0 = Release|Any CPU
		{2FC78A6B-64B8-4CBA-A22C-38E18B9D1DB7}.Debug|Any CPU.ActiveCfg = Debug|Any CPU
		{2FC78A6B-64B8-4CBA-A22C-38E18B9D1DB7}.Debug|Any CPU.Build.0 = Debug|Any CPU
		{2FC78A6B-64B8-4CBA-A22C-38E18B9D1DB7}.Release|Any CPU.ActiveCfg = Release|Any CPU
		{2FC78A6B-64B8-4CBA-A22C-38E18B9D1DB7}.Release|Any CPU.Build.0 = Release|Any CPU
		{757F868D-C422-44A4-A799-0428B8711CBE}.Debug|Any CPU.ActiveCfg = Debug|Any CPU
		{757F868D-C422-44A4-A799-0428B8711CBE}.Debug|Any CPU.Build.0 = Debug|Any CPU
		{757F868D-C422-44A4-A799-0428B8711CBE}.Release|Any CPU.ActiveCfg = Release|Any CPU
		{757F868D-C422-44A4-A799-0428B8711CBE}.Release|Any CPU.Build.0 = Release|Any CPU
		{8117E879-2D9E-4AE9-B374-237FF2D6CDDF}.Debug|Any CPU.ActiveCfg = Debug|Any CPU
		{8117E879-2D9E-4AE9-B374-237FF2D6CDDF}.Debug|Any CPU.Build.0 = Debug|Any CPU
		{8117E879-2D9E-4AE9-B374-237FF2D6CDDF}.Release|Any CPU.ActiveCfg = Release|Any CPU
		{8117E879-2D9E-4AE9-B374-237FF2D6CDDF}.Release|Any CPU.Build.0 = Release|Any CPU
		{DC3B2BEF-EA6F-4DE4-A359-1C0F22BDAE49}.Debug|Any CPU.ActiveCfg = Debug|Any CPU
		{DC3B2BEF-EA6F-4DE4-A359-1C0F22BDAE49}.Debug|Any CPU.Build.0 = Debug|Any CPU
		{DC3B2BEF-EA6F-4DE4-A359-1C0F22BDAE49}.Release|Any CPU.ActiveCfg = Release|Any CPU
		{DC3B2BEF-EA6F-4DE4-A359-1C0F22BDAE49}.Release|Any CPU.Build.0 = Release|Any CPU
		{538FD22D-179A-4F44-97E3-6CDAD1C93A62}.Debug|Any CPU.ActiveCfg = Debug|Any CPU
		{538FD22D-179A-4F44-97E3-6CDAD1C93A62}.Debug|Any CPU.Build.0 = Debug|Any CPU
		{538FD22D-179A-4F44-97E3-6CDAD1C93A62}.Release|Any CPU.ActiveCfg = Release|Any CPU
		{538FD22D-179A-4F44-97E3-6CDAD1C93A62}.Release|Any CPU.Build.0 = Release|Any CPU
		{99052A8A-A4EC-4008-B275-6C100F3A4887}.Debug|Any CPU.ActiveCfg = Debug|Any CPU
		{99052A8A-A4EC-4008-B275-6C100F3A4887}.Debug|Any CPU.Build.0 = Debug|Any CPU
		{99052A8A-A4EC-4008-B275-6C100F3A4887}.Release|Any CPU.ActiveCfg = Release|Any CPU
		{99052A8A-A4EC-4008-B275-6C100F3A4887}.Release|Any CPU.Build.0 = Release|Any CPU
		{BCD02F93-9A2A-446F-8E13-09874B908A9C}.Debug|Any CPU.ActiveCfg = Debug|Any CPU
		{BCD02F93-9A2A-446F-8E13-09874B908A9C}.Debug|Any CPU.Build.0 = Debug|Any CPU
		{BCD02F93-9A2A-446F-8E13-09874B908A9C}.Release|Any CPU.ActiveCfg = Release|Any CPU
		{BCD02F93-9A2A-446F-8E13-09874B908A9C}.Release|Any CPU.Build.0 = Release|Any CPU
	EndGlobalSection
	GlobalSection(SolutionProperties) = preSolution
		HideSolutionNode = FALSE
	EndGlobalSection
	GlobalSection(NestedProjects) = preSolution
		{2FC78A6B-64B8-4CBA-A22C-38E18B9D1DB7} = {7F7FB6F4-EAFF-4E3B-9FBD-CED32528AB7B}
		{757F868D-C422-44A4-A799-0428B8711CBE} = {7F7FB6F4-EAFF-4E3B-9FBD-CED32528AB7B}
		{8117E879-2D9E-4AE9-B374-237FF2D6CDDF} = {7D0AF83F-12A1-4EA9-9CFA-22BE82100FB6}
		{DC3B2BEF-EA6F-4DE4-A359-1C0F22BDAE49} = {14E40248-1903-48E3-A0FA-E2DAD67E901D}
		{538FD22D-179A-4F44-97E3-6CDAD1C93A62} = {0F846810-6A36-48E5-B5F9-7972FFB1D554}
		{99052A8A-A4EC-4008-B275-6C100F3A4887} = {0F846810-6A36-48E5-B5F9-7972FFB1D554}
	EndGlobalSection
	GlobalSection(ExtensibilityGlobals) = postSolution
		SolutionGuid = {ACCFC634-959F-4C5B-8F53-8AE4CC1BB259}
	EndGlobalSection
EndGlobal
